# THIS IS AN AUTOGENERATED FILE. DO NOT EDIT THIS FILE DIRECTLY.
# yarn lockfile v1


react-checkbox-group@^5.0.2:
  version "5.0.2"
  resolved "https://registry.yarnpkg.com/react-checkbox-group/-/react-checkbox-group-5.0.2.tgz#ccf6d5bd36d549727f8bc2c44b011224e4599450"
  integrity sha512-iNnKCwVNNlsj6DXIzPO9qx5BcwPf3lXV0u8UW6YcsVDwlS2AC+bJXq76z2uwbtWZbCIZHzm2mxMMj4Bzm3B+lw==
